<Solution>
  <Configurations>
    <Platform Name="Any CPU" />
    <Platform Name="x64" />
    <Platform Name="x86" />
  </Configurations>
  <Folder Name="/Editor/">
    <Project Path="Engine/Source/Managed/Editor/Neverness.Editor.Assets/Neverness.Editor.Assets.csproj" />
    <Project Path="Engine/Source/Managed/Editor/Neverness.Editor.AvaloniaFrontend/Neverness.Editor.AvaloniaFrontend.csproj" />
    <Project Path="Engine/Source/Managed/Editor/Neverness.Editor.Core/Neverness.Editor.Core.csproj" />
    <Project Path="Engine/Source/Managed/Editor/Neverness.Editor.Framework/Neverness.Editor.Framework.csproj" />
    <Project Path="Engine/Source/Managed/Editor/Neverness.Editor.ImGuiEx/Neverness.Editor.ImGuiEx.csproj" />
    <Project Path="Engine/Source/Managed/Editor/Neverness.Editor.ImGuiFrontend/Neverness.Editor.ImGuiFrontend.csproj" />
    <Project Path="Engine/Source/Managed/Editor/Neverness.Editor.Inspector/Neverness.Editor.Inspector.csproj" />
    <Project Path="Engine/Source/Managed/Editor/Neverness.Editor.Media/Neverness.Editor.Media.csproj" />
    <Project Path="Engine/Source/Managed/Editor/Neverness.Editor.MediaImporter/Neverness.Editor.MediaImporter.csproj" />
    <Project Path="Engine/Source/Managed/Editor/Neverness.Editor.ProjectSystem/Neverness.Editor.ProjectSystem.csproj" />
    <Project Path="Engine/Source/Managed/Editor/Neverness.Editor.Reflection/Neverness.Editor.Reflection.csproj" />
    <Project Path="Engine/Source/Managed/Editor/Neverness.Editor.Rmlui/Neverness.Editor.Rmlui.csproj" />
    <Project Path="Engine/Source/Managed/Editor/Neverness.Editor.Scene/Neverness.Editor.Scene.csproj" />
    <Project Path="Engine/Source/Managed/Editor/Neverness.Editor.Script/Neverness.Editor.Script.csproj" />
    <Project Path="Engine/Source/Managed/Editor/Neverness.Editor.Serialization/Neverness.Editor.Serialization.csproj" />
    <Project Path="Engine/Source/Managed/Editor/Neverness.Editor.UndoRedo/Neverness.Editor.UndoRedo.csproj" />
    <Project Path="Engine/Source/Managed/Editor/NevernessEditor/NevernessEditor.csproj" />
  </Folder>
  <Folder Name="/Editor/ThirdParty/">
    <Project Path="Engine/Source/Managed/Editor/ThirdParty/HexaGen.Runtime/HexaGen.Runtime.csproj">
      <Platform Solution="*|x64" Project="x64" />
    </Project>
    <Project Path="Engine/Source/Managed/Editor/ThirdParty/Neverness.Editor.ImGui/Neverness.Editor.ImGui.csproj" />
  </Folder>
  <Folder Name="/Gameplay/">
    <Project Path="Engine/Source/Managed/Gameplay/Neverness.Gameplay/Neverness.Gameplay.csproj" />
    <Project Path="Engine/Source/Managed/Gameplay/Neverness.SourceGenerators/Neverness.SourceGenerators.csproj" />
  </Folder>
  <Folder Name="/Gameplay/Test/">
    <Project Path="Engine/Source/Managed/Gameplay/Tests/Neverness.Gameplay.Tests.csproj" />
  </Folder>
  <Folder Name="/Launcher/">
    <Project Path="Engine/Source/Managed/Launcher/NevernessLauncher/NevernessLauncher.csproj" />
  </Folder>
  <Folder Name="/Rendering/">
    <Project Path="Engine/Source/Managed/Rendering/Diligent-GraphicsEngine.NET/Diligent-GraphicsEngine.NET.csproj" />
  </Folder>
  <Folder Name="/Runtime/">
    <Project Path="Engine/Source/Managed/Runtime/Neverness.Runtime.App/Neverness.Runtime.App.csproj" />
    <Project Path="Engine/Source/Managed/Runtime/Neverness.Runtime.Application/Neverness.Runtime.Application.csproj" />
    <Project Path="Engine/Source/Managed/Runtime/Neverness.Runtime.Assets/Neverness.Runtime.Assets.csproj" />
    <Project Path="Engine/Source/Managed/Runtime/Neverness.Runtime.Audio.Native/Neverness.Runtime.Audio.Native.csproj" />
    <Project Path="Engine/Source/Managed/Runtime/Neverness.Runtime.Audio/Neverness.Runtime.Audio.csproj" />
    <Project Path="Engine/Source/Managed/Runtime/Neverness.Runtime.Bootstrap/Neverness.Runtime.Bootstrap.csproj" />
    <Project Path="Engine/Source/Managed/Runtime/Neverness.Runtime.Engine/Neverness.Runtime.Engine.csproj" />
    <Project Path="Engine/Source/Managed/Runtime/Neverness.Runtime.ImageCodec/Neverness.Runtime.ImageCodec.csproj" />
    <Project Path="Engine/Source/Managed/Runtime/Neverness.Runtime.Interop/Neverness.Runtime.Interop.csproj" />
    <Project Path="Engine/Source/Managed/Runtime/Neverness.Runtime.RuntimeLoop/Neverness.Runtime.RuntimeLoop.csproj" />
    <Project Path="Engine/Source/Managed/Runtime/Neverness.Runtime.Scene/Neverness.Runtime.Scene.csproj" />
    <Project Path="Engine/Source/Managed/Runtime/Neverness.Runtime.Scripting/Neverness.Runtime.Scripting.csproj" />
    <Project Path="Engine/Source/Managed/Runtime/Neverness.Runtime.VFS/Neverness.Runtime.VFS.csproj" />
  </Folder>
  <Folder Name="/Runtime/Tests/">
    <Project Path="Engine/Source/Managed/Runtime/Neverness.Runtime.Scene/Tests/Neverness.Runtime.Scene.Tests.csproj" />
  </Folder>
  <Project Path="Engine/Source/Managed/Runtime/Tests/NevernessRuntimeManaged-Foundation.Tests.csproj" />
</Solution>
