<Solution>
  <Configurations>
    <Platform Name="Any CPU" />
    <Platform Name="x64" />
    <Platform Name="x86" />
  </Configurations>
  <Folder Name="/Editor/">
    <Project Path="Engine/Source/Managed/Editor/Neverness.Editor.Assets/Neverness.Editor.Assets.csproj" />
    <Project Path="Engine/Source/Managed/Editor/Neverness.Editor.Framework/Neverness.Editor.Framework.csproj" />
    <Project Path="Engine/Source/Managed/Editor/Neverness.Editor.Inspector/Neverness.Editor.Inspector.csproj" />
    <Project Path="Engine/Source/Managed/Editor/Neverness.Editor.ProjectSystem/Neverness.Editor.ProjectSystem.csproj" />
    <Project Path="Engine/Source/Managed/Editor/Neverness.Editor.Reflection/Neverness.Editor.Reflection.csproj" />
    <Project Path="Engine/Source/Managed/Editor/Neverness.Editor.Serialization/Neverness.Editor.Serialization.csproj" />
    <Project Path="Engine/Source/Managed/Editor/Neverness.Editor.UndoRedo/Neverness.Editor.UndoRedo.csproj" />
    <Project Path="Engine/Source/Managed/Editor/NevernessEditor/NevernessEditor.csproj" />
  </Folder>
  <Folder Name="/Editor/ThirdParty/">
    <Project Path="Engine/Source/Managed/Editor/ThirdParty/HexaGen.Runtime/HexaGen.Runtime.csproj">
      <Platform Solution="*|x64" Project="x64" />
    </Project>
    <Project Path="Engine/Source/Managed/Editor/ThirdParty/Neverness.Editor.ImGui/Neverness.Editor.ImGui.csproj" />
    <Project Path="Engine/Source/Managed/Editor/ThirdParty/Neverness.Editor.ImGuiNodeEditor/Neverness.Editor.ImGuiNodeEditor.csproj" />
    <Project Path="Engine/Source/Managed/Editor/ThirdParty/Neverness.Editor.ImGuizmo/Neverness.Editor.ImGuizmo.csproj" />
  </Folder>
  <Folder Name="/Runtime/">
    <Project Path="Engine/Source/Managed/Runtime/Neverness.Runtime.App/Neverness.Runtime.App.csproj" />
    <Project Path="Engine/Source/Managed/Runtime/Neverness.Runtime.Application/Neverness.Runtime.Application.csproj" />
    <Project Path="Engine/Source/Managed/Runtime/Neverness.Runtime.VFS/Neverness.Runtime.VFS.csproj" />
    <Project Path="Engine/Source/Managed/Runtime/Neverness.Runtime.Assets/Neverness.Runtime.Assets.csproj" />
    <Project Path="Engine/Source/Managed/Runtime/Neverness.Runtime.Bootstrap/Neverness.Runtime.Bootstrap.csproj" />
    <Project Path="Engine/Source/Managed/Runtime/Neverness.Runtime.Engine/Neverness.Runtime.Engine.csproj" />
    <Project Path="Engine/Source/Managed/Runtime/Neverness.Runtime.Host/Neverness.Runtime.Host.csproj" />
    <Project Path="Engine/Source/Managed/Runtime/Neverness.Runtime.Interop/Neverness.Runtime.Interop.csproj" />
    <Project Path="Engine/Source/Managed/Runtime/Neverness.Runtime.RuntimeLoop/Neverness.Runtime.RuntimeLoop.csproj" />
    <Project Path="Engine/Source/Managed/Runtime/Neverness.Runtime.Scene/Neverness.Runtime.Scene.csproj" />
    <Project Path="Engine/Source/Managed/Runtime/Neverness.Runtime.Scripting/Neverness.Runtime.Scripting.csproj" />
    <Project Path="Engine/Source/Managed/Runtime/Neverness.Runtime.Serialization/Neverness.Runtime.Serialization.csproj" />
  </Folder>
  <Project Path="Engine/Source/Managed/Runtime/Tests/NevernessRuntimeManaged-Foundation.Tests.csproj" />
</Solution>
