<Solution>
  <Configurations>
    <Platform Name="Any CPU"/>
    <Platform Name="x64"/>
    <Platform Name="x86"/>
  </Configurations>
  <Project Path="Engine/Source/Managed/Editor/NervernessEditor/NervernessEditor.csproj"/>
  <Project Path="Engine/Source/Managed/Editor/Neverness.Editor.Framework/Neverness.Editor.Framework.csproj"/>
  <Project Path="Engine/Source/Managed/Editor/ThirdParty/Neverness.Editor.ImGui/Neverness.Editor.ImGui.csproj"/>
  <Project Path="Engine/Source/Managed/Editor/ThirdParty/Neverness.Editor.ImGuiNodeEditor/Neverness.Editor.ImGuiNodeEditor.csproj"/>
  <Project Path="Engine/Source/Managed/Editor/ThirdParty/Neverness.Editor.ImGuizmo/Neverness.Editor.ImGuizmo.csproj"/>
  <Project Path="Engine/Source/Managed/Runtime/Neverness.Runtime.App/Neverness.Runtime.App.csproj"/>
  <Project Path="Engine/Source/Managed/Runtime/Neverness.Runtime.Application/Neverness.Runtime.Application.csproj"/>
  <Project Path="Engine/Source/Managed/Runtime/Neverness.Runtime.Assets/Neverness.Runtime.Assets.csproj"/>
  <Project Path="Engine/Source/Managed/Runtime/Neverness.Runtime.Bootstrap/Neverness.Runtime.Bootstrap.csproj"/>
  <Project Path="Engine/Source/Managed/Runtime/Neverness.Runtime.Core/Neverness.Runtime.Core.csproj"/>
  <Project Path="Engine/Source/Managed/Runtime/Neverness.Runtime.Engine/Neverness.Runtime.Engine.csproj"/>
  <Project Path="Engine/Source/Managed/Runtime/Neverness.Runtime.EngineRuntime/Neverness.Runtime.EngineRuntime.csproj"/>
  <Project Path="Engine/Source/Managed/Runtime/Neverness.Runtime.Gameplay/Neverness.Runtime.Gameplay.csproj"/>
  <Project Path="Engine/Source/Managed/Runtime/Neverness.Runtime.Graph/Neverness.Runtime.Graph.csproj"/>
  <Project Path="Engine/Source/Managed/Runtime/Neverness.Runtime.Host/Neverness.Runtime.Host.csproj"/>
  <Project Path="Engine/Source/Managed/Runtime/Neverness.Runtime.Inspector/Neverness.Runtime.Inspector.csproj"/>
  <Project Path="Engine/Source/Managed/Runtime/Neverness.Runtime.Interop/Neverness.Runtime.Interop.csproj"/>
  <Project Path="Engine/Source/Managed/Runtime/Neverness.Runtime.Object/Neverness.Runtime.Object.csproj"/>
  <Project Path="Engine/Source/Managed/Runtime/Neverness.Runtime.Reflection/Neverness.Runtime.Reflection.csproj"/>
  <Project Path="Engine/Source/Managed/Runtime/Neverness.Runtime.RuntimeLoop/Neverness.Runtime.RuntimeLoop.csproj"/>
  <Project Path="Engine/Source/Managed/Runtime/Neverness.Runtime.Scene/Neverness.Runtime.Scene.csproj"/>
  <Project Path="Engine/Source/Managed/Runtime/Neverness.Runtime.Scripting/Neverness.Runtime.Scripting.csproj"/>
  <Project Path="Engine/Source/Managed/Runtime/Neverness.Runtime.Serialization/Neverness.Runtime.Serialization.csproj"/>
  <Project Path="Engine/Source/Managed/Runtime/Neverness.Runtime.UndoRedo/Neverness.Runtime.UndoRedo.csproj"/>
  <Project Path="Engine/Source/Managed/Runtime/Tests/NevernessRuntimeManaged-Foundation.Tests.csproj"/>
</Solution>
