Microsoft Visual Studio Solution File, Format Version 12.00
# Visual Studio Version 17
VisualStudioVersion = 17.5.2.0
MinimumVisualStudioVersion = 10.0.40219.1
Project("{2150E333-8FDC-42A3-9474-1A3956D46DE8}") = "Engine", "Engine", "{D585295F-7994-3649-1065-7AA403C41681}"
EndProject
Project("{2150E333-8FDC-42A3-9474-1A3956D46DE8}") = "Source", "Source", "{EA036D84-B502-58B1-7E9C-2E37711CF353}"
EndProject
Project("{2150E333-8FDC-42A3-9474-1A3956D46DE8}") = "Managed", "Managed", "{AD84D973-2178-C723-FE9A-AE85654CD5DD}"
EndProject
Project("{2150E333-8FDC-42A3-9474-1A3956D46DE8}") = "VGManagedCore", "VGManagedCore", "{9FF81BF0-C606-03CE-84FF-8F373C684856}"
EndProject
Project("{2150E333-8FDC-42A3-9474-1A3956D46DE8}") = "Managed", "Managed", "{33ED4D96-E799-6B77-06ED-F953EB66C26B}"
EndProject
Project("{FAE04EC0-301F-11D3-BF4B-00C04F79EFBC}") = "VisionGal.Managed.Core", "Engine\Source\Managed\VGManagedCore\Managed\VisionGal.Managed.Core\VisionGal.Managed.Core.csproj", "{2782DE32-2009-E07A-9711-491672D60B40}"
EndProject
Project("{2150E333-8FDC-42A3-9474-1A3956D46DE8}") = "VGManagedHost", "VGManagedHost", "{D86FC085-92DE-651C-87C9-4FCB3FD57CAB}"
EndProject
Project("{2150E333-8FDC-42A3-9474-1A3956D46DE8}") = "Managed", "Managed", "{29362A26-974C-9BA0-9CE0-90BFEED58B63}"
EndProject
Project("{FAE04EC0-301F-11D3-BF4B-00C04F79EFBC}") = "VisionGal.Managed.Runtime", "Engine\Source\Managed\VGManagedHost\Managed\VisionGal.Managed.Runtime\VisionGal.Managed.Runtime.csproj", "{D59161F3-8FAD-336B-F61B-4C8F884753DF}"
EndProject
Global
	GlobalSection(SolutionConfigurationPlatforms) = preSolution
		Debug|Any CPU = Debug|Any CPU
		Release|Any CPU = Release|Any CPU
	EndGlobalSection
	GlobalSection(ProjectConfigurationPlatforms) = postSolution
		{2782DE32-2009-E07A-9711-491672D60B40}.Debug|Any CPU.ActiveCfg = Debug|Any CPU
		{2782DE32-2009-E07A-9711-491672D60B40}.Debug|Any CPU.Build.0 = Debug|Any CPU
		{2782DE32-2009-E07A-9711-491672D60B40}.Release|Any CPU.ActiveCfg = Release|Any CPU
		{2782DE32-2009-E07A-9711-491672D60B40}.Release|Any CPU.Build.0 = Release|Any CPU
		{D59161F3-8FAD-336B-F61B-4C8F884753DF}.Debug|Any CPU.ActiveCfg = Debug|Any CPU
		{D59161F3-8FAD-336B-F61B-4C8F884753DF}.Debug|Any CPU.Build.0 = Debug|Any CPU
		{D59161F3-8FAD-336B-F61B-4C8F884753DF}.Release|Any CPU.ActiveCfg = Release|Any CPU
		{D59161F3-8FAD-336B-F61B-4C8F884753DF}.Release|Any CPU.Build.0 = Release|Any CPU
	EndGlobalSection
	GlobalSection(SolutionProperties) = preSolution
		HideSolutionNode = FALSE
	EndGlobalSection
	GlobalSection(NestedProjects) = preSolution
		{EA036D84-B502-58B1-7E9C-2E37711CF353} = {D585295F-7994-3649-1065-7AA403C41681}
		{AD84D973-2178-C723-FE9A-AE85654CD5DD} = {EA036D84-B502-58B1-7E9C-2E37711CF353}
		{9FF81BF0-C606-03CE-84FF-8F373C684856} = {AD84D973-2178-C723-FE9A-AE85654CD5DD}
		{33ED4D96-E799-6B77-06ED-F953EB66C26B} = {9FF81BF0-C606-03CE-84FF-8F373C684856}
		{2782DE32-2009-E07A-9711-491672D60B40} = {33ED4D96-E799-6B77-06ED-F953EB66C26B}
		{D86FC085-92DE-651C-87C9-4FCB3FD57CAB} = {AD84D973-2178-C723-FE9A-AE85654CD5DD}
		{29362A26-974C-9BA0-9CE0-90BFEED58B63} = {D86FC085-92DE-651C-87C9-4FCB3FD57CAB}
		{D59161F3-8FAD-336B-F61B-4C8F884753DF} = {29362A26-974C-9BA0-9CE0-90BFEED58B63}
	EndGlobalSection
	GlobalSection(ExtensibilityGlobals) = postSolution
		SolutionGuid = {3BD014CE-C9CC-4AF7-833A-90968FC15F7C}
	EndGlobalSection
EndGlobal
